
Microsoft Visual Studio Solution File, Format Version 12.00
# Visual Studio Version 17
VisualStudioVersion = 17.10.34928.147
MinimumVisualStudioVersion = 10.0.40219.1
Project("{FAE04EC0-301F-11D3-BF4B-00C04F79EFBC}") = "WebAPI_Project", "WebAPI_Project.csproj", "{F18ACA14-AD0A-49DC-A3C0-100FF6F6C86A}"
EndProject
Global
	GlobalSection(SolutionConfigurationPlatforms) = preSolution
		Debug|Any CPU = Debug|Any CPU
		Release|Any CPU = Release|Any CPU
	EndGlobalSection
	GlobalSection(ProjectConfigurationPlatforms) = postSolution
		{F18ACA14-AD0A-49DC-A3C0-100FF6F6C86A}.Debug|Any CPU.ActiveCfg = Debug|Any CPU
		{F18ACA14-AD0A-49DC-A3C0-100FF6F6C86A}.Debug|Any CPU.Build.0 = Debug|Any CPU
		{F18ACA14-AD0A-49DC-A3C0-100FF6F6C86A}.Release|Any CPU.ActiveCfg = Release|Any CPU
		{F18ACA14-AD0A-49DC-A3C0-100FF6F6C86A}.Release|Any CPU.Build.0 = Release|Any CPU
	EndGlobalSection
	GlobalSection(SolutionProperties) = preSolution
		HideSolutionNode = FALSE
	EndGlobalSection
	GlobalSection(ExtensibilityGlobals) = postSolution
		SolutionGuid = {D2353B6A-8521-4508-869F-489BA7EF3D66}
	EndGlobalSection
EndGlobal
